// !$*UTF8*$!
{
	archiveVersion = 1;
	classes = {
	};
	objectVersion = 56;
	objects = {

/* Begin PBXBuildFile section */
		780705F1AC3B47FE229FD4E9 /* Pods_Messenger.framework in Frameworks */ = {isa = PBXBuildFile; fileRef = 40F530B69DB4327B441E49CD /* Pods_Messenger.framework */; };
		952C53DB2ACC4BB100EEA81E /* ConversationTableViewCell.swift in Sources */ = {isa = PBXBuildFile; fileRef = 952C53DA2ACC4BB100EEA81E /* ConversationTableViewCell.swift */; };
		95C2B9082A5CDDC800857513 /* AppDelegate.swift in Sources */ = {isa = PBXBuildFile; fileRef = 95C2B9072A5CDDC800857513 /* AppDelegate.swift */; };
		95C2B90A2A5CDDC800857513 /* SceneDelegate.swift in Sources */ = {isa = PBXBuildFile; fileRef = 95C2B9092A5CDDC800857513 /* SceneDelegate.swift */; };
		95C2B90C2A5CDDC800857513 /* ConversationsViewController.swift in Sources */ = {isa = PBXBuildFile; fileRef = 95C2B90B2A5CDDC800857513 /* ConversationsViewController.swift */; };
		95C2B90F2A5CDDC800857513 /* Main.storyboard in Resources */ = {isa = PBXBuildFile; fileRef = 95C2B90D2A5CDDC800857513 /* Main.storyboard */; };
		95C2B9112A5CDDCA00857513 /* Assets.xcassets in Resources */ = {isa = PBXBuildFile; fileRef = 95C2B9102A5CDDCA00857513 /* Assets.xcassets */; };
		95C2B9142A5CDDCA00857513 /* LaunchScreen.storyboard in Resources */ = {isa = PBXBuildFile; fileRef = 95C2B9122A5CDDCA00857513 /* LaunchScreen.storyboard */; };
		95C2B9222A5CE0A300857513 /* LoginViewController.swift in Sources */ = {isa = PBXBuildFile; fileRef = 95C2B9212A5CE0A300857513 /* LoginViewController.swift */; };
		95C2B9242A5CE1BA00857513 /* RegisterViewController.swift in Sources */ = {isa = PBXBuildFile; fileRef = 95C2B9232A5CE1BA00857513 /* RegisterViewController.swift */; };
		95C2B9262A5CE20D00857513 /* PhotoViwerViewController.swift in Sources */ = {isa = PBXBuildFile; fileRef = 95C2B9252A5CE20D00857513 /* PhotoViwerViewController.swift */; };
		95C2B9282A5CE2D400857513 /* VideoPlayerViewController.swift in Sources */ = {isa = PBXBuildFile; fileRef = 95C2B9272A5CE2D400857513 /* VideoPlayerViewController.swift */; };
		95C2B92A2A5CE32D00857513 /* NewConversationViewController.swift in Sources */ = {isa = PBXBuildFile; fileRef = 95C2B9292A5CE32D00857513 /* NewConversationViewController.swift */; };
		95C2B92C2A5CE35E00857513 /* ProfileViewController.swift in Sources */ = {isa = PBXBuildFile; fileRef = 95C2B92B2A5CE35E00857513 /* ProfileViewController.swift */; };
		95C2B92F2A5E2EA100857513 /* Extensions.swift in Sources */ = {isa = PBXBuildFile; fileRef = 95C2B92E2A5E2EA100857513 /* Extensions.swift */; };
		95C2B9312A646E8900857513 /* GoogleService-Info.plist in Resources */ = {isa = PBXBuildFile; fileRef = 95C2B9302A646E8900857513 /* GoogleService-Info.plist */; };
		95C2B9352A64B6ED00857513 /* DatabaseManager.swift in Sources */ = {isa = PBXBuildFile; fileRef = 95C2B9342A64B6ED00857513 /* DatabaseManager.swift */; };
		95C2B9372A92B38400857513 /* ChatViewController.swift in Sources */ = {isa = PBXBuildFile; fileRef = 95C2B9362A92B38400857513 /* ChatViewController.swift */; };
		95C2B9392A99701D00857513 /* StorageManager.swift in Sources */ = {isa = PBXBuildFile; fileRef = 95C2B9382A99701D00857513 /* StorageManager.swift */; };
/* End PBXBuildFile section */

/* Begin PBXFileReference section */
		40F530B69DB4327B441E49CD /* Pods_Messenger.framework */ = {isa = PBXFileReference; explicitFileType = wrapper.framework; includeInIndex = 0; path = Pods_Messenger.framework; sourceTree = BUILT_PRODUCTS_DIR; };
		4AA0E1A9D3C4D902AA696187 /* Pods-Messenger.release.xcconfig */ = {isa = PBXFileReference; includeInIndex = 1; lastKnownFileType = text.xcconfig; name = "Pods-Messenger.release.xcconfig"; path = "Target Support Files/Pods-Messenger/Pods-Messenger.release.xcconfig"; sourceTree = "<group>"; };
		952C53DA2ACC4BB100EEA81E /* ConversationTableViewCell.swift */ = {isa = PBXFileReference; lastKnownFileType = sourcecode.swift; path = ConversationTableViewCell.swift; sourceTree = "<group>"; };
		95C2B9042A5CDDC800857513 /* Messenger.app */ = {isa = PBXFileReference; explicitFileType = wrapper.application; includeInIndex = 0; path = Messenger.app; sourceTree = BUILT_PRODUCTS_DIR; };
		95C2B9072A5CDDC800857513 /* AppDelegate.swift */ = {isa = PBXFileReference; lastKnownFileType = sourcecode.swift; path = AppDelegate.swift; sourceTree = "<group>"; };
		95C2B9092A5CDDC800857513 /* SceneDelegate.swift */ = {isa = PBXFileReference; lastKnownFileType = sourcecode.swift; path = SceneDelegate.swift; sourceTree = "<group>"; };
		95C2B90B2A5CDDC800857513 /* ConversationsViewController.swift */ = {isa = PBXFileReference; lastKnownFileType = sourcecode.swift; path = ConversationsViewController.swift; sourceTree = "<group>"; };
		95C2B90E2A5CDDC800857513 /* Base */ = {isa = PBXFileReference; lastKnownFileType = file.storyboard; name = Base; path = Base.lproj/Main.storyboard; sourceTree = "<group>"; };
		95C2B9102A5CDDCA00857513 /* Assets.xcassets */ = {isa = PBXFileReference; lastKnownFileType = folder.assetcatalog; path = Assets.xcassets; sourceTree = "<group>"; };
		95C2B9132A5CDDCA00857513 /* Base */ = {isa = PBXFileReference; lastKnownFileType = file.storyboard; name = Base; path = Base.lproj/LaunchScreen.storyboard; sourceTree = "<group>"; };
		95C2B9152A5CDDCA00857513 /* Info.plist */ = {isa = PBXFileReference; lastKnownFileType = text.plist.xml; path = Info.plist; sourceTree = "<group>"; };
		95C2B9212A5CE0A300857513 /* LoginViewController.swift */ = {isa = PBXFileReference; lastKnownFileType = sourcecode.swift; path = LoginViewController.swift; sourceTree = "<group>"; };
		95C2B9232A5CE1BA00857513 /* RegisterViewController.swift */ = {isa = PBXFileReference; lastKnownFileType = sourcecode.swift; path = RegisterViewController.swift; sourceTree = "<group>"; };
		95C2B9252A5CE20D00857513 /* PhotoViwerViewController.swift */ = {isa = PBXFileReference; lastKnownFileType = sourcecode.swift; path = PhotoViwerViewController.swift; sourceTree = "<group>"; };
		95C2B9272A5CE2D400857513 /* VideoPlayerViewController.swift */ = {isa = PBXFileReference; lastKnownFileType = sourcecode.swift; path = VideoPlayerViewController.swift; sourceTree = "<group>"; };
		95C2B9292A5CE32D00857513 /* NewConversationViewController.swift */ = {isa = PBXFileReference; lastKnownFileType = sourcecode.swift; path = NewConversationViewController.swift; sourceTree = "<group>"; };
		95C2B92B2A5CE35E00857513 /* ProfileViewController.swift */ = {isa = PBXFileReference; lastKnownFileType = sourcecode.swift; path = ProfileViewController.swift; sourceTree = "<group>"; };
		95C2B92E2A5E2EA100857513 /* Extensions.swift */ = {isa = PBXFileReference; lastKnownFileType = sourcecode.swift; path = Extensions.swift; sourceTree = "<group>"; };
		95C2B9302A646E8900857513 /* GoogleService-Info.plist */ = {isa = PBXFileReference; fileEncoding = 4; lastKnownFileType = text.plist.xml; path = "GoogleService-Info.plist"; sourceTree = "<group>"; };
		95C2B9342A64B6ED00857513 /* DatabaseManager.swift */ = {isa = PBXFileReference; lastKnownFileType = sourcecode.swift; path = DatabaseManager.swift; sourceTree = "<group>"; };
		95C2B9362A92B38400857513 /* ChatViewController.swift */ = {isa = PBXFileReference; lastKnownFileType = sourcecode.swift; path = ChatViewController.swift; sourceTree = "<group>"; };
		95C2B9382A99701D00857513 /* StorageManager.swift */ = {isa = PBXFileReference; lastKnownFileType = sourcecode.swift; path = StorageManager.swift; sourceTree = "<group>"; };
		A99A8A396D941CEE0881C1D5 /* Pods-Messenger.debug.xcconfig */ = {isa = PBXFileReference; includeInIndex = 1; lastKnownFileType = text.xcconfig; name = "Pods-Messenger.debug.xcconfig"; path = "Target Support Files/Pods-Messenger/Pods-Messenger.debug.xcconfig"; sourceTree = "<group>"; };
/* End PBXFileReference section */

/* Begin PBXFrameworksBuildPhase section */
		95C2B9012A5CDDC800857513 /* Frameworks */ = {
			isa = PBXFrameworksBuildPhase;
			buildActionMask = 2147483647;
			files = (
				780705F1AC3B47FE229FD4E9 /* Pods_Messenger.framework in Frameworks */,
			);
			runOnlyForDeploymentPostprocessing = 0;
		};
/* End PBXFrameworksBuildPhase section */

/* Begin PBXGroup section */
		0197C38654C683F6C00900F8 /* Frameworks */ = {
			isa = PBXGroup;
			children = (
				40F530B69DB4327B441E49CD /* Pods_Messenger.framework */,
			);
			name = Frameworks;
			sourceTree = "<group>";
		};
		95C2B8FB2A5CDDC800857513 = {
			isa = PBXGroup;
			children = (
				95C2B9062A5CDDC800857513 /* Messenger */,
				95C2B9052A5CDDC800857513 /* Products */,
				99DCB69D329AB7C41D5AFBE4 /* Pods */,
				0197C38654C683F6C00900F8 /* Frameworks */,
			);
			sourceTree = "<group>";
		};
		95C2B9052A5CDDC800857513 /* Products */ = {
			isa = PBXGroup;
			children = (
				95C2B9042A5CDDC800857513 /* Messenger.app */,
			);
			name = Products;
			sourceTree = "<group>";
		};
		95C2B9062A5CDDC800857513 /* Messenger */ = {
			isa = PBXGroup;
			children = (
				95C2B9302A646E8900857513 /* GoogleService-Info.plist */,
				95C2B91F2A5CDECD00857513 /* Resources */,
				95C2B91E2A5CDEC200857513 /* ViewModels */,
				95C2B91D2A5CDEB000857513 /* Models */,
				95C2B91C2A5CDE9C00857513 /* Views */,
				95C2B91B2A5CDE9000857513 /* Controllers */,
				95C2B9152A5CDDCA00857513 /* Info.plist */,
			);
			path = Messenger;
			sourceTree = "<group>";
		};
		95C2B91B2A5CDE9000857513 /* Controllers */ = {
			isa = PBXGroup;
			children = (
				95C2B90B2A5CDDC800857513 /* ConversationsViewController.swift */,
				95C2B92D2A5E228F00857513 /* login-register */,
				95C2B9252A5CE20D00857513 /* PhotoViwerViewController.swift */,
				95C2B9272A5CE2D400857513 /* VideoPlayerViewController.swift */,
				95C2B9292A5CE32D00857513 /* NewConversationViewController.swift */,
				95C2B92B2A5CE35E00857513 /* ProfileViewController.swift */,
				95C2B9362A92B38400857513 /* ChatViewController.swift */,
			);
			path = Controllers;
			sourceTree = "<group>";
		};
		95C2B91C2A5CDE9C00857513 /* Views */ = {
			isa = PBXGroup;
			children = (
				95C2B9202A5CDF3800857513 /* Storyboards */,
				95C2B9102A5CDDCA00857513 /* Assets.xcassets */,
				952C53DA2ACC4BB100EEA81E /* ConversationTableViewCell.swift */,
			);
			path = Views;
			sourceTree = "<group>";
		};
		95C2B91D2A5CDEB000857513 /* Models */ = {
			isa = PBXGroup;
			children = (
			);
			path = Models;
			sourceTree = "<group>";
		};
		95C2B91E2A5CDEC200857513 /* ViewModels */ = {
			isa = PBXGroup;
			children = (
			);
			path = ViewModels;
			sourceTree = "<group>";
		};
		95C2B91F2A5CDECD00857513 /* Resources */ = {
			isa = PBXGroup;
			children = (
				95C2B9072A5CDDC800857513 /* AppDelegate.swift */,
				95C2B9092A5CDDC800857513 /* SceneDelegate.swift */,
				95C2B92E2A5E2EA100857513 /* Extensions.swift */,
				95C2B9342A64B6ED00857513 /* DatabaseManager.swift */,
				95C2B9382A99701D00857513 /* StorageManager.swift */,
			);
			path = Resources;
			sourceTree = "<group>";
		};
		95C2B9202A5CDF3800857513 /* Storyboards */ = {
			isa = PBXGroup;
			children = (
				95C2B9122A5CDDCA00857513 /* LaunchScreen.storyboard */,
				95C2B90D2A5CDDC800857513 /* Main.storyboard */,
			);
			path = Storyboards;
			sourceTree = "<group>";
		};
		95C2B92D2A5E228F00857513 /* login-register */ = {
			isa = PBXGroup;
			children = (
				95C2B9212A5CE0A300857513 /* LoginViewController.swift */,
				95C2B9232A5CE1BA00857513 /* RegisterViewController.swift */,
			);
			path = "login-register";
			sourceTree = "<group>";
		};
		99DCB69D329AB7C41D5AFBE4 /* Pods */ = {
			isa = PBXGroup;
			children = (
				A99A8A396D941CEE0881C1D5 /* Pods-Messenger.debug.xcconfig */,
				4AA0E1A9D3C4D902AA696187 /* Pods-Messenger.release.xcconfig */,
			);
			path = Pods;
			sourceTree = "<group>";
		};
/* End PBXGroup section */

/* Begin PBXNativeTarget section */
		95C2B9032A5CDDC800857513 /* Messenger */ = {
			isa = PBXNativeTarget;
			buildConfigurationList = 95C2B9182A5CDDCA00857513 /* Build configuration list for PBXNativeTarget "Messenger" */;
			buildPhases = (
				38BBBF08A3590A2940F3994F /* [CP] Check Pods Manifest.lock */,
				95C2B9002A5CDDC800857513 /* Sources */,
				95C2B9012A5CDDC800857513 /* Frameworks */,
				95C2B9022A5CDDC800857513 /* Resources */,
				DE61D27D52C70F6460D53A38 /* [CP] Embed Pods Frameworks */,
			);
			buildRules = (
			);
			dependencies = (
			);
			name = Messenger;
			productName = Messenger;
			productReference = 95C2B9042A5CDDC800857513 /* Messenger.app */;
			productType = "com.apple.product-type.application";
		};
/* End PBXNativeTarget section */

/* Begin PBXProject section */
		95C2B8FC2A5CDDC800857513 /* Project object */ = {
			isa = PBXProject;
			attributes = {
				BuildIndependentTargetsInParallel = 1;
				LastSwiftUpdateCheck = 1430;
				LastUpgradeCheck = 1430;
				TargetAttributes = {
					95C2B9032A5CDDC800857513 = {
						CreatedOnToolsVersion = 14.3.1;
					};
				};
			};
			buildConfigurationList = 95C2B8FF2A5CDDC800857513 /* Build configuration list for PBXProject "Messenger" */;
			compatibilityVersion = "Xcode 14.0";
			developmentRegion = en;
			hasScannedForEncodings = 0;
			knownRegions = (
				en,
				Base,
			);
			mainGroup = 95C2B8FB2A5CDDC800857513;
			productRefGroup = 95C2B9052A5CDDC800857513 /* Products */;
			projectDirPath = "";
			projectRoot = "";
			targets = (
				95C2B9032A5CDDC800857513 /* Messenger */,
			);
		};
/* End PBXProject section */

/* Begin PBXResourcesBuildPhase section */
		95C2B9022A5CDDC800857513 /* Resources */ = {
			isa = PBXResourcesBuildPhase;
			buildActionMask = 2147483647;
			files = (
				95C2B9142A5CDDCA00857513 /* LaunchScreen.storyboard in Resources */,
				95C2B9112A5CDDCA00857513 /* Assets.xcassets in Resources */,
				95C2B90F2A5CDDC800857513 /* Main.storyboard in Resources */,
				95C2B9312A646E8900857513 /* GoogleService-Info.plist in Resources */,
			);
			runOnlyForDeploymentPostprocessing = 0;
		};
/* End PBXResourcesBuildPhase section */

/* Begin PBXShellScriptBuildPhase section */
		38BBBF08A3590A2940F3994F /* [CP] Check Pods Manifest.lock */ = {
			isa = PBXShellScriptBuildPhase;
			buildActionMask = 2147483647;
			files = (
			);
			inputFileListPaths = (
			);
			inputPaths = (
				"${PODS_PODFILE_DIR_PATH}/Podfile.lock",
				"${PODS_ROOT}/Manifest.lock",
			);
			name = "[CP] Check Pods Manifest.lock";
			outputFileListPaths = (
			);
			outputPaths = (
				"$(DERIVED_FILE_DIR)/Pods-Messenger-checkManifestLockResult.txt",
			);
			runOnlyForDeploymentPostprocessing = 0;
			shellPath = /bin/sh;
			shellScript = "diff \"${PODS_PODFILE_DIR_PATH}/Podfile.lock\" \"${PODS_ROOT}/Manifest.lock\" > /dev/null\nif [ $? != 0 ] ; then\n    # print error to STDERR\n    echo \"error: The sandbox is not in sync with the Podfile.lock. Run 'pod install' or update your CocoaPods installation.\" >&2\n    exit 1\nfi\n# This output is used by Xcode 'outputs' to avoid re-running this script phase.\necho \"SUCCESS\" > \"${SCRIPT_OUTPUT_FILE_0}\"\n";
			showEnvVarsInLog = 0;
		};
		DE61D27D52C70F6460D53A38 /* [CP] Embed Pods Frameworks */ = {
			isa = PBXShellScriptBuildPhase;
			buildActionMask = 2147483647;
			files = (
			);
			inputFileListPaths = (
				"${PODS_ROOT}/Target Support Files/Pods-Messenger/Pods-Messenger-frameworks-${CONFIGURATION}-input-files.xcfilelist",
			);
			name = "[CP] Embed Pods Frameworks";
			outputFileListPaths = (
				"${PODS_ROOT}/Target Support Files/Pods-Messenger/Pods-Messenger-frameworks-${CONFIGURATION}-output-files.xcfilelist",
			);
			runOnlyForDeploymentPostprocessing = 0;
			shellPath = /bin/sh;
			shellScript = "\"${PODS_ROOT}/Target Support Files/Pods-Messenger/Pods-Messenger-frameworks.sh\"\n";
			showEnvVarsInLog = 0;
		};
/* End PBXShellScriptBuildPhase section */

/* Begin PBXSourcesBuildPhase section */
		95C2B9002A5CDDC800857513 /* Sources */ = {
			isa = PBXSourcesBuildPhase;
			buildActionMask = 2147483647;
			files = (
				95C2B9222A5CE0A300857513 /* LoginViewController.swift in Sources */,
				95C2B9352A64B6ED00857513 /* DatabaseManager.swift in Sources */,
				95C2B9262A5CE20D00857513 /* PhotoViwerViewController.swift in Sources */,
				95C2B92A2A5CE32D00857513 /* NewConversationViewController.swift in Sources */,
				95C2B9242A5CE1BA00857513 /* RegisterViewController.swift in Sources */,
				95C2B9282A5CE2D400857513 /* VideoPlayerViewController.swift in Sources */,
				95C2B92F2A5E2EA100857513 /* Extensions.swift in Sources */,
				95C2B90C2A5CDDC800857513 /* ConversationsViewController.swift in Sources */,
				95C2B92C2A5CE35E00857513 /* ProfileViewController.swift in Sources */,
				95C2B9082A5CDDC800857513 /* AppDelegate.swift in Sources */,
				952C53DB2ACC4BB100EEA81E /* ConversationTableViewCell.swift in Sources */,
				95C2B9372A92B38400857513 /* ChatViewController.swift in Sources */,
				95C2B90A2A5CDDC800857513 /* SceneDelegate.swift in Sources */,
				95C2B9392A99701D00857513 /* StorageManager.swift in Sources */,
			);
			runOnlyForDeploymentPostprocessing = 0;
		};
/* End PBXSourcesBuildPhase section */

/* Begin PBXVariantGroup section */
		95C2B90D2A5CDDC800857513 /* Main.storyboard */ = {
			isa = PBXVariantGroup;
			children = (
				95C2B90E2A5CDDC800857513 /* Base */,
			);
			name = Main.storyboard;
			sourceTree = "<group>";
		};
		95C2B9122A5CDDCA00857513 /* LaunchScreen.storyboard */ = {
			isa = PBXVariantGroup;
			children = (
				95C2B9132A5CDDCA00857513 /* Base */,
			);
			name = LaunchScreen.storyboard;
			sourceTree = "<group>";
		};
/* End PBXVariantGroup section */

/* Begin XCBuildConfiguration section */
		95C2B9162A5CDDCA00857513 /* Debug */ = {
			isa = XCBuildConfiguration;
			buildSettings = {
				ALWAYS_SEARCH_USER_PATHS = NO;
				CLANG_ANALYZER_NONNULL = YES;
				CLANG_ANALYZER_NUMBER_OBJECT_CONVERSION = YES_AGGRESSIVE;
				CLANG_CXX_LANGUAGE_STANDARD = "gnu++20";
				CLANG_ENABLE_MODULES = YES;
				CLANG_ENABLE_OBJC_ARC = YES;
				CLANG_ENABLE_OBJC_WEAK = YES;
				CLANG_WARN_BLOCK_CAPTURE_AUTORELEASING = YES;
				CLANG_WARN_BOOL_CONVERSION = YES;
				CLANG_WARN_COMMA = YES;
				CLANG_WARN_CONSTANT_CONVERSION = YES;
				CLANG_WARN_DEPRECATED_OBJC_IMPLEMENTATIONS = YES;
				CLANG_WARN_DIRECT_OBJC_ISA_USAGE = YES_ERROR;
				CLANG_WARN_DOCUMENTATION_COMMENTS = YES;
				CLANG_WARN_EMPTY_BODY = YES;
				CLANG_WARN_ENUM_CONVERSION = YES;
				CLANG_WARN_INFINITE_RECURSION = YES;
				CLANG_WARN_INT_CONVERSION = YES;
				CLANG_WARN_NON_LITERAL_NULL_CONVERSION = YES;
				CLANG_WARN_OBJC_IMPLICIT_RETAIN_SELF = YES;
				CLANG_WARN_OBJC_LITERAL_CONVERSION = YES;
				CLANG_WARN_OBJC_ROOT_CLASS = YES_ERROR;
				CLANG_WARN_QUOTED_INCLUDE_IN_FRAMEWORK_HEADER = YES;
				CLANG_WARN_RANGE_LOOP_ANALYSIS = YES;
				CLANG_WARN_STRICT_PROTOTYPES = YES;
				CLANG_WARN_SUSPICIOUS_MOVE = YES;
				CLANG_WARN_UNGUARDED_AVAILABILITY = YES_AGGRESSIVE;
				CLANG_WARN_UNREACHABLE_CODE = YES;
				CLANG_WARN__DUPLICATE_METHOD_MATCH = YES;
				COPY_PHASE_STRIP = NO;
				DEBUG_INFORMATION_FORMAT = dwarf;
				ENABLE_STRICT_OBJC_MSGSEND = YES;
				ENABLE_TESTABILITY = YES;
				GCC_C_LANGUAGE_STANDARD = gnu11;
				GCC_DYNAMIC_NO_PIC = NO;
				GCC_NO_COMMON_BLOCKS = YES;
				GCC_OPTIMIZATION_LEVEL = 0;
				GCC_PREPROCESSOR_DEFINITIONS = (
					"DEBUG=1",
					"$(inherited)",
				);
				GCC_WARN_64_TO_32_BIT_CONVERSION = YES;
				GCC_WARN_ABOUT_RETURN_TYPE = YES_ERROR;
				GCC_WARN_UNDECLARED_SELECTOR = YES;
				GCC_WARN_UNINITIALIZED_AUTOS = YES_AGGRESSIVE;
				GCC_WARN_UNUSED_FUNCTION = YES;
				GCC_WARN_UNUSED_VARIABLE = YES;
				IPHONEOS_DEPLOYMENT_TARGET = 16.4;
				MTL_ENABLE_DEBUG_INFO = INCLUDE_SOURCE;
				MTL_FAST_MATH = YES;
				ONLY_ACTIVE_ARCH = YES;
				SDKROOT = iphoneos;
				SWIFT_ACTIVE_COMPILATION_CONDITIONS = DEBUG;
				SWIFT_OPTIMIZATION_LEVEL = "-Onone";
			};
			name = Debug;
		};
		95C2B9172A5CDDCA00857513 /* Release */ = {
			isa = XCBuildConfiguration;
			buildSettings = {
				ALWAYS_SEARCH_USER_PATHS = NO;
				CLANG_ANALYZER_NONNULL = YES;
				CLANG_ANALYZER_NUMBER_OBJECT_CONVERSION = YES_AGGRESSIVE;
				CLANG_CXX_LANGUAGE_STANDARD = "gnu++20";
				CLANG_ENABLE_MODULES = YES;
				CLANG_ENABLE_OBJC_ARC = YES;
				CLANG_ENABLE_OBJC_WEAK = YES;
				CLANG_WARN_BLOCK_CAPTURE_AUTORELEASING = YES;
				CLANG_WARN_BOOL_CONVERSION = YES;
				CLANG_WARN_COMMA = YES;
				CLANG_WARN_CONSTANT_CONVERSION = YES;
				CLANG_WARN_DEPRECATED_OBJC_IMPLEMENTATIONS = YES;
				CLANG_WARN_DIRECT_OBJC_ISA_USAGE = YES_ERROR;
				CLANG_WARN_DOCUMENTATION_COMMENTS = YES;
				CLANG_WARN_EMPTY_BODY = YES;
				CLANG_WARN_ENUM_CONVERSION = YES;
				CLANG_WARN_INFINITE_RECURSION = YES;
				CLANG_WARN_INT_CONVERSION = YES;
				CLANG_WARN_NON_LITERAL_NULL_CONVERSION = YES;
				CLANG_WARN_OBJC_IMPLICIT_RETAIN_SELF = YES;
				CLANG_WARN_OBJC_LITERAL_CONVERSION = YES;
				CLANG_WARN_OBJC_ROOT_CLASS = YES_ERROR;
				CLANG_WARN_QUOTED_INCLUDE_IN_FRAMEWORK_HEADER = YES;
				CLANG_WARN_RANGE_LOOP_ANALYSIS = YES;
				CLANG_WARN_STRICT_PROTOTYPES = YES;
				CLANG_WARN_SUSPICIOUS_MOVE = YES;
				CLANG_WARN_UNGUARDED_AVAILABILITY = YES_AGGRESSIVE;
				CLANG_WARN_UNREACHABLE_CODE = YES;
				CLANG_WARN__DUPLICATE_METHOD_MATCH = YES;
				COPY_PHASE_STRIP = NO;
				DEBUG_INFORMATION_FORMAT = "dwarf-with-dsym";
				ENABLE_NS_ASSERTIONS = NO;
				ENABLE_STRICT_OBJC_MSGSEND = YES;
				GCC_C_LANGUAGE_STANDARD = gnu11;
				GCC_NO_COMMON_BLOCKS = YES;
				GCC_WARN_64_TO_32_BIT_CONVERSION = YES;
				GCC_WARN_ABOUT_RETURN_TYPE = YES_ERROR;
				GCC_WARN_UNDECLARED_SELECTOR = YES;
				GCC_WARN_UNINITIALIZED_AUTOS = YES_AGGRESSIVE;
				GCC_WARN_UNUSED_FUNCTION = YES;
				GCC_WARN_UNUSED_VARIABLE = YES;
				IPHONEOS_DEPLOYMENT_TARGET = 16.4;
				MTL_ENABLE_DEBUG_INFO = NO;
				MTL_FAST_MATH = YES;
				SDKROOT = iphoneos;
				SWIFT_COMPILATION_MODE = wholemodule;
				SWIFT_OPTIMIZATION_LEVEL = "-O";
				VALIDATE_PRODUCT = YES;
			};
			name = Release;
		};
		95C2B9192A5CDDCA00857513 /* Debug */ = {
			isa = XCBuildConfiguration;
			baseConfigurationReference = A99A8A396D941CEE0881C1D5 /* Pods-Messenger.debug.xcconfig */;
			buildSettings = {
				ASSETCATALOG_COMPILER_APPICON_NAME = AppIcon;
				ASSETCATALOG_COMPILER_GLOBAL_ACCENT_COLOR_NAME = AccentColor;
				CODE_SIGN_STYLE = Automatic;
				CURRENT_PROJECT_VERSION = 1;
				DEVELOPMENT_TEAM = 5F93SMYAKP;
				GENERATE_INFOPLIST_FILE = YES;
				INFOPLIST_FILE = Messenger/Info.plist;
				INFOPLIST_KEY_NSCameraUsageDescription = "Please allow acces to your camera to take a profile picture";
				INFOPLIST_KEY_NSPhotoLibraryAddUsageDescription = "Please allow access to upload a profile picture";
				INFOPLIST_KEY_UIApplicationSupportsIndirectInputEvents = YES;
				INFOPLIST_KEY_UILaunchStoryboardName = LaunchScreen;
				INFOPLIST_KEY_UIMainStoryboardFile = Main;
				INFOPLIST_KEY_UISupportedInterfaceOrientations = UIInterfaceOrientationPortrait;
				IPHONEOS_DEPLOYMENT_TARGET = 13.0;
				LD_RUNPATH_SEARCH_PATHS = (
					"$(inherited)",
					"@executable_path/Frameworks",
				);
				MARKETING_VERSION = 1.0;
				PRODUCT_BUNDLE_IDENTIFIER = yolimaPereira.Messenger;
				PRODUCT_NAME = "$(TARGET_NAME)";
				SWIFT_EMIT_LOC_STRINGS = YES;
				SWIFT_VERSION = 5.0;
				TARGETED_DEVICE_FAMILY = "1,2";
			};
			name = Debug;
		};
		95C2B91A2A5CDDCA00857513 /* Release */ = {
			isa = XCBuildConfiguration;
			baseConfigurationReference = 4AA0E1A9D3C4D902AA696187 /* Pods-Messenger.release.xcconfig */;
			buildSettings = {
				ASSETCATALOG_COMPILER_APPICON_NAME = AppIcon;
				ASSETCATALOG_COMPILER_GLOBAL_ACCENT_COLOR_NAME = AccentColor;
				CODE_SIGN_STYLE = Automatic;
				CURRENT_PROJECT_VERSION = 1;
				DEVELOPMENT_TEAM = 5F93SMYAKP;
				GENERATE_INFOPLIST_FILE = YES;
				INFOPLIST_FILE = Messenger/Info.plist;
				INFOPLIST_KEY_NSCameraUsageDescription = "Please allow acces to your camera to take a profile picture";
				INFOPLIST_KEY_NSPhotoLibraryAddUsageDescription = "Please allow access to upload a profile picture";
				INFOPLIST_KEY_UIApplicationSupportsIndirectInputEvents = YES;
				INFOPLIST_KEY_UILaunchStoryboardName = LaunchScreen;
				INFOPLIST_KEY_UIMainStoryboardFile = Main;
				INFOPLIST_KEY_UISupportedInterfaceOrientations = UIInterfaceOrientationPortrait;
				IPHONEOS_DEPLOYMENT_TARGET = 13.0;
				LD_RUNPATH_SEARCH_PATHS = (
					"$(inherited)",
					"@executable_path/Frameworks",
				);
				MARKETING_VERSION = 1.0;
				PRODUCT_BUNDLE_IDENTIFIER = yolimaPereira.Messenger;
				PRODUCT_NAME = "$(TARGET_NAME)";
				SWIFT_EMIT_LOC_STRINGS = YES;
				SWIFT_VERSION = 5.0;
				TARGETED_DEVICE_FAMILY = "1,2";
			};
			name = Release;
		};
/* End XCBuildConfiguration section */

/* Begin XCConfigurationList section */
		95C2B8FF2A5CDDC800857513 /* Build configuration list for PBXProject "Messenger" */ = {
			isa = XCConfigurationList;
			buildConfigurations = (
				95C2B9162A5CDDCA00857513 /* Debug */,
				95C2B9172A5CDDCA00857513 /* Release */,
			);
			defaultConfigurationIsVisible = 0;
			defaultConfigurationName = Release;
		};
		95C2B9182A5CDDCA00857513 /* Build configuration list for PBXNativeTarget "Messenger" */ = {
			isa = XCConfigurationList;
			buildConfigurations = (
				95C2B9192A5CDDCA00857513 /* Debug */,
				95C2B91A2A5CDDCA00857513 /* Release */,
			);
			defaultConfigurationIsVisible = 0;
			defaultConfigurationName = Release;
		};
/* End XCConfigurationList section */
	};
	rootObject = 95C2B8FC2A5CDDC800857513 /* Project object */;
}
